
Microsoft Visual Studio Solution File, Format Version 12.00
# Visual Studio Version 17
VisualStudioVersion = 17.14.36203.30
MinimumVisualStudioVersion = 10.0.40219.1
Project("{FAE04EC0-301F-11D3-BF4B-00C04F79EFBC}") = "Santuario.Cliente", "Santuario.Cliente\Santuario.Cliente.csproj", "{986C6C63-6F35-4676-BECC-E127EED8AFAA}"
EndProject
Project("{FAE04EC0-301F-11D3-BF4B-00C04F79EFBC}") = "Santuario.Admin", "Santuario.Admin\Santuario.Admin.csproj", "{D3DB9DF7-86CD-42B4-8676-EF42A197C438}"
EndProject
Project("{FAE04EC0-301F-11D3-BF4B-00C04F79EFBC}") = "Santuario.Entidade", "Santuario.Entidade\Santuario.Entidade.csproj", "{58D9255D-20AF-40F9-A490-D6C0DB811D7F}"
EndProject
Project("{FAE04EC0-301F-11D3-BF4B-00C04F79EFBC}") = "Santuario.Negocio", "Santuario.Negocio\Santuario.Negocio.csproj", "{5AC1CD23-AB96-4788-99A7-694110B07A56}"
EndProject
Global
	GlobalSection(SolutionConfigurationPlatforms) = preSolution
		Debug|Any CPU = Debug|Any CPU
		Release|Any CPU = Release|Any CPU
	EndGlobalSection
	GlobalSection(ProjectConfigurationPlatforms) = postSolution
		{986C6C63-6F35-4676-BECC-E127EED8AFAA}.Debug|Any CPU.ActiveCfg = Debug|Any CPU
		{986C6C63-6F35-4676-BECC-E127EED8AFAA}.Debug|Any CPU.Build.0 = Debug|Any CPU
		{986C6C63-6F35-4676-BECC-E127EED8AFAA}.Release|Any CPU.ActiveCfg = Release|Any CPU
		{986C6C63-6F35-4676-BECC-E127EED8AFAA}.Release|Any CPU.Build.0 = Release|Any CPU
		{D3DB9DF7-86CD-42B4-8676-EF42A197C438}.Debug|Any CPU.ActiveCfg = Debug|Any CPU
		{D3DB9DF7-86CD-42B4-8676-EF42A197C438}.Debug|Any CPU.Build.0 = Debug|Any CPU
		{D3DB9DF7-86CD-42B4-8676-EF42A197C438}.Release|Any CPU.ActiveCfg = Release|Any CPU
		{D3DB9DF7-86CD-42B4-8676-EF42A197C438}.Release|Any CPU.Build.0 = Release|Any CPU
		{58D9255D-20AF-40F9-A490-D6C0DB811D7F}.Debug|Any CPU.ActiveCfg = Debug|Any CPU
		{58D9255D-20AF-40F9-A490-D6C0DB811D7F}.Debug|Any CPU.Build.0 = Debug|Any CPU
		{58D9255D-20AF-40F9-A490-D6C0DB811D7F}.Release|Any CPU.ActiveCfg = Release|Any CPU
		{58D9255D-20AF-40F9-A490-D6C0DB811D7F}.Release|Any CPU.Build.0 = Release|Any CPU
		{5AC1CD23-AB96-4788-99A7-694110B07A56}.Debug|Any CPU.ActiveCfg = Debug|Any CPU
		{5AC1CD23-AB96-4788-99A7-694110B07A56}.Debug|Any CPU.Build.0 = Debug|Any CPU
		{5AC1CD23-AB96-4788-99A7-694110B07A56}.Release|Any CPU.ActiveCfg = Release|Any CPU
		{5AC1CD23-AB96-4788-99A7-694110B07A56}.Release|Any CPU.Build.0 = Release|Any CPU
	EndGlobalSection
	GlobalSection(SolutionProperties) = preSolution
		HideSolutionNode = FALSE
	EndGlobalSection
	GlobalSection(ExtensibilityGlobals) = postSolution
		SolutionGuid = {8119E3CF-08C5-4EF4-BA2C-701DDBC1FBD0}
	EndGlobalSection
EndGlobal
